
Microsoft Visual Studio Solution File, Format Version 12.00
# Visual Studio Version 16
VisualStudioVersion = 16.0.30011.22
MinimumVisualStudioVersion = 10.0.40219.1
Project("{FAE04EC0-301F-11D3-BF4B-00C04F79EFBC}") = "ProcesTasks1", "ProcesTasks1\ProcesTasks1.csproj", "{205FE192-1880-4439-BF5D-ED24518CD663}"
EndProject
Project("{FAE04EC0-301F-11D3-BF4B-00C04F79EFBC}") = "ProcesTasks2", "ProcesTasks2\ProcesTasks2.csproj", "{3B055915-436F-4B2D-AF88-ADDD1D0DDDFB}"
EndProject
Global
	GlobalSection(SolutionConfigurationPlatforms) = preSolution
		Debug|Any CPU = Debug|Any CPU
		Release|Any CPU = Release|Any CPU
	EndGlobalSection
	GlobalSection(ProjectConfigurationPlatforms) = postSolution
		{205FE192-1880-4439-BF5D-ED24518CD663}.Debug|Any CPU.ActiveCfg = Debug|Any CPU
		{205FE192-1880-4439-BF5D-ED24518CD663}.Debug|Any CPU.Build.0 = Debug|Any CPU
		{205FE192-1880-4439-BF5D-ED24518CD663}.Release|Any CPU.ActiveCfg = Release|Any CPU
		{205FE192-1880-4439-BF5D-ED24518CD663}.Release|Any CPU.Build.0 = Release|Any CPU
		{3B055915-436F-4B2D-AF88-ADDD1D0DDDFB}.Debug|Any CPU.ActiveCfg = Debug|Any CPU
		{3B055915-436F-4B2D-AF88-ADDD1D0DDDFB}.Debug|Any CPU.Build.0 = Debug|Any CPU
		{3B055915-436F-4B2D-AF88-ADDD1D0DDDFB}.Release|Any CPU.ActiveCfg = Release|Any CPU
		{3B055915-436F-4B2D-AF88-ADDD1D0DDDFB}.Release|Any CPU.Build.0 = Release|Any CPU
	EndGlobalSection
	GlobalSection(SolutionProperties) = preSolution
		HideSolutionNode = FALSE
	EndGlobalSection
	GlobalSection(ExtensibilityGlobals) = postSolution
		SolutionGuid = {3C3C87A6-9D54-49E1-B0A3-88A8F32E6AA7}
	EndGlobalSection
EndGlobal
